
Microsoft Visual Studio Solution File, Format Version 12.00
# Visual Studio 14
VisualStudioVersion = 14.0.24720.0
MinimumVisualStudioVersion = 10.0.40219.1
Project("{FAE04EC0-301F-11D3-BF4B-00C04F79EFBC}") = "JsPie.Core", "JsPie.Core\JsPie.Core.csproj", "{FBAA8045-F4E7-49CB-BD05-589D5E894745}"
EndProject
Project("{FAE04EC0-301F-11D3-BF4B-00C04F79EFBC}") = "JsPie.Plugins", "JsPie.Plugins\JsPie.Plugins.csproj", "{E10DD29E-CE54-47C0-9D64-902844183A96}"
EndProject
Project("{FAE04EC0-301F-11D3-BF4B-00C04F79EFBC}") = "JsPie.Runtime", "JsPie.Runtime\JsPie.Runtime.csproj", "{1A22DA7B-3E4C-4E8C-893D-EE3010E76035}"
EndProject
Project("{FAE04EC0-301F-11D3-BF4B-00C04F79EFBC}") = "JsPie.Cli", "JsPie.Cli\JsPie.Cli.csproj", "{80A5547C-8888-4856-99CA-58514B51607D}"
EndProject
Project("{FAE04EC0-301F-11D3-BF4B-00C04F79EFBC}") = "JsPie.Scripting", "JsPie.Scripting\JsPie.Scripting.csproj", "{DCCD7BC2-8A41-4366-A83C-1D722FA6243C}"
EndProject
Project("{8BC9CEB8-8B4A-11D0-8D11-00A0C91BC942}") = "JsPie.Scripting.V8", "JsPie.Scripting.V8\JsPie.Scripting.V8.vcxproj", "{B4783733-7E2C-4D1E-9800-E3084E36FCC6}"
EndProject
Project("{2150E333-8FDC-42A3-9474-1A3956D46DE8}") = "Solution Items", "Solution Items", "{40D2523B-A855-4C1E-A8A8-9C7EC15E4C9D}"
	ProjectSection(SolutionItems) = preProject
		..\.gitignore = ..\.gitignore
		..\README.md = ..\README.md
	EndProjectSection
EndProject
Global
	GlobalSection(SolutionConfigurationPlatforms) = preSolution
		Debug|x64 = Debug|x64
		Debug|x86 = Debug|x86
		Release|x64 = Release|x64
		Release|x86 = Release|x86
	EndGlobalSection
	GlobalSection(ProjectConfigurationPlatforms) = postSolution
		{FBAA8045-F4E7-49CB-BD05-589D5E894745}.Debug|x64.ActiveCfg = Debug|Any CPU
		{FBAA8045-F4E7-49CB-BD05-589D5E894745}.Debug|x64.Build.0 = Debug|Any CPU
		{FBAA8045-F4E7-49CB-BD05-589D5E894745}.Debug|x86.ActiveCfg = Debug|Any CPU
		{FBAA8045-F4E7-49CB-BD05-589D5E894745}.Debug|x86.Build.0 = Debug|Any CPU
		{FBAA8045-F4E7-49CB-BD05-589D5E894745}.Release|x64.ActiveCfg = Release|Any CPU
		{FBAA8045-F4E7-49CB-BD05-589D5E894745}.Release|x64.Build.0 = Release|Any CPU
		{FBAA8045-F4E7-49CB-BD05-589D5E894745}.Release|x86.ActiveCfg = Release|Any CPU
		{FBAA8045-F4E7-49CB-BD05-589D5E894745}.Release|x86.Build.0 = Release|Any CPU
		{E10DD29E-CE54-47C0-9D64-902844183A96}.Debug|x64.ActiveCfg = Debug|x64
		{E10DD29E-CE54-47C0-9D64-902844183A96}.Debug|x64.Build.0 = Debug|x64
		{E10DD29E-CE54-47C0-9D64-902844183A96}.Debug|x86.ActiveCfg = Debug|x86
		{E10DD29E-CE54-47C0-9D64-902844183A96}.Debug|x86.Build.0 = Debug|x86
		{E10DD29E-CE54-47C0-9D64-902844183A96}.Release|x64.ActiveCfg = Release|x64
		{E10DD29E-CE54-47C0-9D64-902844183A96}.Release|x64.Build.0 = Release|x64
		{E10DD29E-CE54-47C0-9D64-902844183A96}.Release|x86.ActiveCfg = Release|x86
		{E10DD29E-CE54-47C0-9D64-902844183A96}.Release|x86.Build.0 = Release|x86
		{1A22DA7B-3E4C-4E8C-893D-EE3010E76035}.Debug|x64.ActiveCfg = Debug|x64
		{1A22DA7B-3E4C-4E8C-893D-EE3010E76035}.Debug|x64.Build.0 = Debug|x64
		{1A22DA7B-3E4C-4E8C-893D-EE3010E76035}.Debug|x86.ActiveCfg = Debug|x86
		{1A22DA7B-3E4C-4E8C-893D-EE3010E76035}.Debug|x86.Build.0 = Debug|x86
		{1A22DA7B-3E4C-4E8C-893D-EE3010E76035}.Release|x64.ActiveCfg = Release|x64
		{1A22DA7B-3E4C-4E8C-893D-EE3010E76035}.Release|x64.Build.0 = Release|x64
		{1A22DA7B-3E4C-4E8C-893D-EE3010E76035}.Release|x86.ActiveCfg = Release|x86
		{1A22DA7B-3E4C-4E8C-893D-EE3010E76035}.Release|x86.Build.0 = Release|x86
		{80A5547C-8888-4856-99CA-58514B51607D}.Debug|x64.ActiveCfg = Debug|x64
		{80A5547C-8888-4856-99CA-58514B51607D}.Debug|x64.Build.0 = Debug|x64
		{80A5547C-8888-4856-99CA-58514B51607D}.Debug|x86.ActiveCfg = Debug|x86
		{80A5547C-8888-4856-99CA-58514B51607D}.Debug|x86.Build.0 = Debug|x86
		{80A5547C-8888-4856-99CA-58514B51607D}.Release|x64.ActiveCfg = Release|x64
		{80A5547C-8888-4856-99CA-58514B51607D}.Release|x64.Build.0 = Release|x64
		{80A5547C-8888-4856-99CA-58514B51607D}.Release|x86.ActiveCfg = Release|x86
		{80A5547C-8888-4856-99CA-58514B51607D}.Release|x86.Build.0 = Release|x86
		{DCCD7BC2-8A41-4366-A83C-1D722FA6243C}.Debug|x64.ActiveCfg = Debug|Any CPU
		{DCCD7BC2-8A41-4366-A83C-1D722FA6243C}.Debug|x64.Build.0 = Debug|Any CPU
		{DCCD7BC2-8A41-4366-A83C-1D722FA6243C}.Debug|x86.ActiveCfg = Debug|Any CPU
		{DCCD7BC2-8A41-4366-A83C-1D722FA6243C}.Debug|x86.Build.0 = Debug|Any CPU
		{DCCD7BC2-8A41-4366-A83C-1D722FA6243C}.Release|x64.ActiveCfg = Release|Any CPU
		{DCCD7BC2-8A41-4366-A83C-1D722FA6243C}.Release|x64.Build.0 = Release|Any CPU
		{DCCD7BC2-8A41-4366-A83C-1D722FA6243C}.Release|x86.ActiveCfg = Release|Any CPU
		{DCCD7BC2-8A41-4366-A83C-1D722FA6243C}.Release|x86.Build.0 = Release|Any CPU
		{B4783733-7E2C-4D1E-9800-E3084E36FCC6}.Debug|x64.ActiveCfg = Debug|x64
		{B4783733-7E2C-4D1E-9800-E3084E36FCC6}.Debug|x64.Build.0 = Debug|x64
		{B4783733-7E2C-4D1E-9800-E3084E36FCC6}.Debug|x86.ActiveCfg = Debug|Win32
		{B4783733-7E2C-4D1E-9800-E3084E36FCC6}.Debug|x86.Build.0 = Debug|Win32
		{B4783733-7E2C-4D1E-9800-E3084E36FCC6}.Release|x64.ActiveCfg = Release|x64
		{B4783733-7E2C-4D1E-9800-E3084E36FCC6}.Release|x64.Build.0 = Release|x64
		{B4783733-7E2C-4D1E-9800-E3084E36FCC6}.Release|x86.ActiveCfg = Release|Win32
		{B4783733-7E2C-4D1E-9800-E3084E36FCC6}.Release|x86.Build.0 = Release|Win32
	EndGlobalSection
	GlobalSection(SolutionProperties) = preSolution
		HideSolutionNode = FALSE
	EndGlobalSection
EndGlobal
